// !$*UTF8*$!
{
	archiveVersion = 1;
	classes = {
	};
	objectVersion = 48;
	objects = {

/* Begin PBXBuildFile section */
		F00976DC2040CE85002B49A4 /* AppDelegate.swift in Sources */ = {isa = PBXBuildFile; fileRef = F00976DB2040CE85002B49A4 /* AppDelegate.swift */; };
		F00976DE2040CE85002B49A4 /* IntroductionViewController.swift in Sources */ = {isa = PBXBuildFile; fileRef = F00976DD2040CE85002B49A4 /* IntroductionViewController.swift */; };
		F00976E12040CE85002B49A4 /* Main.storyboard in Resources */ = {isa = PBXBuildFile; fileRef = F00976DF2040CE85002B49A4 /* Main.storyboard */; };
		F00976E32040CE85002B49A4 /* Assets.xcassets in Resources */ = {isa = PBXBuildFile; fileRef = F00976E22040CE85002B49A4 /* Assets.xcassets */; };
		F00976E62040CE85002B49A4 /* LaunchScreen.storyboard in Resources */ = {isa = PBXBuildFile; fileRef = F00976E42040CE85002B49A4 /* LaunchScreen.storyboard */; };
		F00976F12040CE85002B49A4 /* Personality_QuizTests.swift in Sources */ = {isa = PBXBuildFile; fileRef = F00976F02040CE85002B49A4 /* Personality_QuizTests.swift */; };
		F00976FC2040CE85002B49A4 /* Personality_QuizUITests.swift in Sources */ = {isa = PBXBuildFile; fileRef = F00976FB2040CE85002B49A4 /* Personality_QuizUITests.swift */; };
		F0EAEAA6204809DD008839EA /* ResultsViewController.swift in Sources */ = {isa = PBXBuildFile; fileRef = F0EAEAA5204809DD008839EA /* ResultsViewController.swift */; };
		F0EAEAA8204809F8008839EA /* QuestionData.swift in Sources */ = {isa = PBXBuildFile; fileRef = F0EAEAA7204809F8008839EA /* QuestionData.swift */; };
		F0EAEAAA20480A0A008839EA /* QuestionViewController.swift in Sources */ = {isa = PBXBuildFile; fileRef = F0EAEAA920480A0A008839EA /* QuestionViewController.swift */; };
/* End PBXBuildFile section */

/* Begin PBXContainerItemProxy section */
		F00976ED2040CE85002B49A4 /* PBXContainerItemProxy */ = {
			isa = PBXContainerItemProxy;
			containerPortal = F00976D02040CE85002B49A4 /* Project object */;
			proxyType = 1;
			remoteGlobalIDString = F00976D72040CE85002B49A4;
			remoteInfo = "Personality Quiz";
		};
		F00976F82040CE85002B49A4 /* PBXContainerItemProxy */ = {
			isa = PBXContainerItemProxy;
			containerPortal = F00976D02040CE85002B49A4 /* Project object */;
			proxyType = 1;
			remoteGlobalIDString = F00976D72040CE85002B49A4;
			remoteInfo = "Personality Quiz";
		};
/* End PBXContainerItemProxy section */

/* Begin PBXFileReference section */
		F00976D82040CE85002B49A4 /* Personality Quiz.app */ = {isa = PBXFileReference; explicitFileType = wrapper.application; includeInIndex = 0; path = "Personality Quiz.app"; sourceTree = BUILT_PRODUCTS_DIR; };
		F00976DB2040CE85002B49A4 /* AppDelegate.swift */ = {isa = PBXFileReference; lastKnownFileType = sourcecode.swift; path = AppDelegate.swift; sourceTree = "<group>"; };
		F00976DD2040CE85002B49A4 /* IntroductionViewController.swift */ = {isa = PBXFileReference; lastKnownFileType = sourcecode.swift; path = IntroductionViewController.swift; sourceTree = "<group>"; };
		F00976E02040CE85002B49A4 /* Base */ = {isa = PBXFileReference; lastKnownFileType = file.storyboard; name = Base; path = Base.lproj/Main.storyboard; sourceTree = "<group>"; };
		F00976E22040CE85002B49A4 /* Assets.xcassets */ = {isa = PBXFileReference; lastKnownFileType = folder.assetcatalog; path = Assets.xcassets; sourceTree = "<group>"; };
		F00976E52040CE85002B49A4 /* Base */ = {isa = PBXFileReference; lastKnownFileType = file.storyboard; name = Base; path = Base.lproj/LaunchScreen.storyboard; sourceTree = "<group>"; };
		F00976E72040CE85002B49A4 /* Info.plist */ = {isa = PBXFileReference; lastKnownFileType = text.plist.xml; path = Info.plist; sourceTree = "<group>"; };
		F00976EC2040CE85002B49A4 /* Personality QuizTests.xctest */ = {isa = PBXFileReference; explicitFileType = wrapper.cfbundle; includeInIndex = 0; path = "Personality QuizTests.xctest"; sourceTree = BUILT_PRODUCTS_DIR; };
		F00976F02040CE85002B49A4 /* Personality_QuizTests.swift */ = {isa = PBXFileReference; lastKnownFileType = sourcecode.swift; path = Personality_QuizTests.swift; sourceTree = "<group>"; };
		F00976F22040CE85002B49A4 /* Info.plist */ = {isa = PBXFileReference; lastKnownFileType = text.plist.xml; path = Info.plist; sourceTree = "<group>"; };
		F00976F72040CE85002B49A4 /* Personality QuizUITests.xctest */ = {isa = PBXFileReference; explicitFileType = wrapper.cfbundle; includeInIndex = 0; path = "Personality QuizUITests.xctest"; sourceTree = BUILT_PRODUCTS_DIR; };
		F00976FB2040CE85002B49A4 /* Personality_QuizUITests.swift */ = {isa = PBXFileReference; lastKnownFileType = sourcecode.swift; path = Personality_QuizUITests.swift; sourceTree = "<group>"; };
		F00976FD2040CE85002B49A4 /* Info.plist */ = {isa = PBXFileReference; lastKnownFileType = text.plist.xml; path = Info.plist; sourceTree = "<group>"; };
		F0EAEAA5204809DD008839EA /* ResultsViewController.swift */ = {isa = PBXFileReference; fileEncoding = 4; lastKnownFileType = sourcecode.swift; path = ResultsViewController.swift; sourceTree = "<group>"; };
		F0EAEAA7204809F8008839EA /* QuestionData.swift */ = {isa = PBXFileReference; fileEncoding = 4; lastKnownFileType = sourcecode.swift; path = QuestionData.swift; sourceTree = "<group>"; };
		F0EAEAA920480A0A008839EA /* QuestionViewController.swift */ = {isa = PBXFileReference; fileEncoding = 4; lastKnownFileType = sourcecode.swift; path = QuestionViewController.swift; sourceTree = "<group>"; };
/* End PBXFileReference section */

/* Begin PBXFrameworksBuildPhase section */
		F00976D52040CE85002B49A4 /* Frameworks */ = {
			isa = PBXFrameworksBuildPhase;
			buildActionMask = 2147483647;
			files = (
			);
			runOnlyForDeploymentPostprocessing = 0;
		};
		F00976E92040CE85002B49A4 /* Frameworks */ = {
			isa = PBXFrameworksBuildPhase;
			buildActionMask = 2147483647;
			files = (
			);
			runOnlyForDeploymentPostprocessing = 0;
		};
		F00976F42040CE85002B49A4 /* Frameworks */ = {
			isa = PBXFrameworksBuildPhase;
			buildActionMask = 2147483647;
			files = (
			);
			runOnlyForDeploymentPostprocessing = 0;
		};
/* End PBXFrameworksBuildPhase section */

/* Begin PBXGroup section */
		F00976CF2040CE85002B49A4 = {
			isa = PBXGroup;
			children = (
				F00976DA2040CE85002B49A4 /* Personality Quiz */,
				F00976EF2040CE85002B49A4 /* Personality QuizTests */,
				F00976FA2040CE85002B49A4 /* Personality QuizUITests */,
				F00976D92040CE85002B49A4 /* Products */,
			);
			sourceTree = "<group>";
		};
		F00976D92040CE85002B49A4 /* Products */ = {
			isa = PBXGroup;
			children = (
				F00976D82040CE85002B49A4 /* Personality Quiz.app */,
				F00976EC2040CE85002B49A4 /* Personality QuizTests.xctest */,
				F00976F72040CE85002B49A4 /* Personality QuizUITests.xctest */,
			);
			name = Products;
			sourceTree = "<group>";
		};
		F00976DA2040CE85002B49A4 /* Personality Quiz */ = {
			isa = PBXGroup;
			children = (
				F00976DB2040CE85002B49A4 /* AppDelegate.swift */,
				F00976DD2040CE85002B49A4 /* IntroductionViewController.swift */,
				F0EAEAA920480A0A008839EA /* QuestionViewController.swift */,
				F0EAEAA5204809DD008839EA /* ResultsViewController.swift */,
				F0EAEAA7204809F8008839EA /* QuestionData.swift */,
				F00976DF2040CE85002B49A4 /* Main.storyboard */,
				F00976E22040CE85002B49A4 /* Assets.xcassets */,
				F00976E42040CE85002B49A4 /* LaunchScreen.storyboard */,
				F00976E72040CE85002B49A4 /* Info.plist */,
			);
			path = "Personality Quiz";
			sourceTree = "<group>";
		};
		F00976EF2040CE85002B49A4 /* Personality QuizTests */ = {
			isa = PBXGroup;
			children = (
				F00976F02040CE85002B49A4 /* Personality_QuizTests.swift */,
				F00976F22040CE85002B49A4 /* Info.plist */,
			);
			path = "Personality QuizTests";
			sourceTree = "<group>";
		};
		F00976FA2040CE85002B49A4 /* Personality QuizUITests */ = {
			isa = PBXGroup;
			children = (
				F00976FB2040CE85002B49A4 /* Personality_QuizUITests.swift */,
				F00976FD2040CE85002B49A4 /* Info.plist */,
			);
			path = "Personality QuizUITests";
			sourceTree = "<group>";
		};
/* End PBXGroup section */

/* Begin PBXNativeTarget section */
		F00976D72040CE85002B49A4 /* Personality Quiz */ = {
			isa = PBXNativeTarget;
			buildConfigurationList = F00977002040CE85002B49A4 /* Build configuration list for PBXNativeTarget "Personality Quiz" */;
			buildPhases = (
				F00976D42040CE85002B49A4 /* Sources */,
				F00976D52040CE85002B49A4 /* Frameworks */,
				F00976D62040CE85002B49A4 /* Resources */,
			);
			buildRules = (
			);
			dependencies = (
			);
			name = "Personality Quiz";
			productName = "Personality Quiz";
			productReference = F00976D82040CE85002B49A4 /* Personality Quiz.app */;
			productType = "com.apple.product-type.application";
		};
		F00976EB2040CE85002B49A4 /* Personality QuizTests */ = {
			isa = PBXNativeTarget;
			buildConfigurationList = F00977032040CE85002B49A4 /* Build configuration list for PBXNativeTarget "Personality QuizTests" */;
			buildPhases = (
				F00976E82040CE85002B49A4 /* Sources */,
				F00976E92040CE85002B49A4 /* Frameworks */,
				F00976EA2040CE85002B49A4 /* Resources */,
			);
			buildRules = (
			);
			dependencies = (
				F00976EE2040CE85002B49A4 /* PBXTargetDependency */,
			);
			name = "Personality QuizTests";
			productName = "Personality QuizTests";
			productReference = F00976EC2040CE85002B49A4 /* Personality QuizTests.xctest */;
			productType = "com.apple.product-type.bundle.unit-test";
		};
		F00976F62040CE85002B49A4 /* Personality QuizUITests */ = {
			isa = PBXNativeTarget;
			buildConfigurationList = F00977062040CE85002B49A4 /* Build configuration list for PBXNativeTarget "Personality QuizUITests" */;
			buildPhases = (
				F00976F32040CE85002B49A4 /* Sources */,
				F00976F42040CE85002B49A4 /* Frameworks */,
				F00976F52040CE85002B49A4 /* Resources */,
			);
			buildRules = (
			);
			dependencies = (
				F00976F92040CE85002B49A4 /* PBXTargetDependency */,
			);
			name = "Personality QuizUITests";
			productName = "Personality QuizUITests";
			productReference = F00976F72040CE85002B49A4 /* Personality QuizUITests.xctest */;
			productType = "com.apple.product-type.bundle.ui-testing";
		};
/* End PBXNativeTarget section */

/* Begin PBXProject section */
		F00976D02040CE85002B49A4 /* Project object */ = {
			isa = PBXProject;
			attributes = {
				LastSwiftUpdateCheck = 0920;
				LastUpgradeCheck = 0920;
				ORGANIZATIONNAME = "John Appleseed";
				TargetAttributes = {
					F00976D72040CE85002B49A4 = {
						CreatedOnToolsVersion = 9.2;
						ProvisioningStyle = Automatic;
					};
					F00976EB2040CE85002B49A4 = {
						CreatedOnToolsVersion = 9.2;
						ProvisioningStyle = Automatic;
						TestTargetID = F00976D72040CE85002B49A4;
					};
					F00976F62040CE85002B49A4 = {
						CreatedOnToolsVersion = 9.2;
						ProvisioningStyle = Automatic;
						TestTargetID = F00976D72040CE85002B49A4;
					};
				};
			};
			buildConfigurationList = F00976D32040CE85002B49A4 /* Build configuration list for PBXProject "Personality Quiz" */;
			compatibilityVersion = "Xcode 8.0";
			developmentRegion = en;
			hasScannedForEncodings = 0;
			knownRegions = (
				en,
				Base,
			);
			mainGroup = F00976CF2040CE85002B49A4;
			productRefGroup = F00976D92040CE85002B49A4 /* Products */;
			projectDirPath = "";
			projectRoot = "";
			targets = (
				F00976D72040CE85002B49A4 /* Personality Quiz */,
				F00976EB2040CE85002B49A4 /* Personality QuizTests */,
				F00976F62040CE85002B49A4 /* Personality QuizUITests */,
			);
		};
/* End PBXProject section */

/* Begin PBXResourcesBuildPhase section */
		F00976D62040CE85002B49A4 /* Resources */ = {
			isa = PBXResourcesBuildPhase;
			buildActionMask = 2147483647;
			files = (
				F00976E62040CE85002B49A4 /* LaunchScreen.storyboard in Resources */,
				F00976E32040CE85002B49A4 /* Assets.xcassets in Resources */,
				F00976E12040CE85002B49A4 /* Main.storyboard in Resources */,
			);
			runOnlyForDeploymentPostprocessing = 0;
		};
		F00976EA2040CE85002B49A4 /* Resources */ = {
			isa = PBXResourcesBuildPhase;
			buildActionMask = 2147483647;
			files = (
			);
			runOnlyForDeploymentPostprocessing = 0;
		};
		F00976F52040CE85002B49A4 /* Resources */ = {
			isa = PBXResourcesBuildPhase;
			buildActionMask = 2147483647;
			files = (
			);
			runOnlyForDeploymentPostprocessing = 0;
		};
/* End PBXResourcesBuildPhase section */

/* Begin PBXSourcesBuildPhase section */
		F00976D42040CE85002B49A4 /* Sources */ = {
			isa = PBXSourcesBuildPhase;
			buildActionMask = 2147483647;
			files = (
				F00976DE2040CE85002B49A4 /* IntroductionViewController.swift in Sources */,
				F0EAEAAA20480A0A008839EA /* QuestionViewController.swift in Sources */,
				F00976DC2040CE85002B49A4 /* AppDelegate.swift in Sources */,
				F0EAEAA8204809F8008839EA /* QuestionData.swift in Sources */,
				F0EAEAA6204809DD008839EA /* ResultsViewController.swift in Sources */,
			);
			runOnlyForDeploymentPostprocessing = 0;
		};
		F00976E82040CE85002B49A4 /* Sources */ = {
			isa = PBXSourcesBuildPhase;
			buildActionMask = 2147483647;
			files = (
				F00976F12040CE85002B49A4 /* Personality_QuizTests.swift in Sources */,
			);
			runOnlyForDeploymentPostprocessing = 0;
		};
		F00976F32040CE85002B49A4 /* Sources */ = {
			isa = PBXSourcesBuildPhase;
			buildActionMask = 2147483647;
			files = (
				F00976FC2040CE85002B49A4 /* Personality_QuizUITests.swift in Sources */,
			);
			runOnlyForDeploymentPostprocessing = 0;
		};
/* End PBXSourcesBuildPhase section */

/* Begin PBXTargetDependency section */
		F00976EE2040CE85002B49A4 /* PBXTargetDependency */ = {
			isa = PBXTargetDependency;
			target = F00976D72040CE85002B49A4 /* Personality Quiz */;
			targetProxy = F00976ED2040CE85002B49A4 /* PBXContainerItemProxy */;
		};
		F00976F92040CE85002B49A4 /* PBXTargetDependency */ = {
			isa = PBXTargetDependency;
			target = F00976D72040CE85002B49A4 /* Personality Quiz */;
			targetProxy = F00976F82040CE85002B49A4 /* PBXContainerItemProxy */;
		};
/* End PBXTargetDependency section */

/* Begin PBXVariantGroup section */
		F00976DF2040CE85002B49A4 /* Main.storyboard */ = {
			isa = PBXVariantGroup;
			children = (
				F00976E02040CE85002B49A4 /* Base */,
			);
			name = Main.storyboard;
			sourceTree = "<group>";
		};
		F00976E42040CE85002B49A4 /* LaunchScreen.storyboard */ = {
			isa = PBXVariantGroup;
			children = (
				F00976E52040CE85002B49A4 /* Base */,
			);
			name = LaunchScreen.storyboard;
			sourceTree = "<group>";
		};
/* End PBXVariantGroup section */

/* Begin XCBuildConfiguration section */
		F00976FE2040CE85002B49A4 /* Debug */ = {
			isa = XCBuildConfiguration;
			buildSettings = {
				ALWAYS_SEARCH_USER_PATHS = NO;
				CLANG_ANALYZER_NONNULL = YES;
				CLANG_ANALYZER_NUMBER_OBJECT_CONVERSION = YES_AGGRESSIVE;
				CLANG_CXX_LANGUAGE_STANDARD = "gnu++14";
				CLANG_CXX_LIBRARY = "libc++";
				CLANG_ENABLE_MODULES = YES;
				CLANG_ENABLE_OBJC_ARC = YES;
				CLANG_WARN_BLOCK_CAPTURE_AUTORELEASING = YES;
				CLANG_WARN_BOOL_CONVERSION = YES;
				CLANG_WARN_COMMA = YES;
				CLANG_WARN_CONSTANT_CONVERSION = YES;
				CLANG_WARN_DIRECT_OBJC_ISA_USAGE = YES_ERROR;
				CLANG_WARN_DOCUMENTATION_COMMENTS = YES;
				CLANG_WARN_EMPTY_BODY = YES;
				CLANG_WARN_ENUM_CONVERSION = YES;
				CLANG_WARN_INFINITE_RECURSION = YES;
				CLANG_WARN_INT_CONVERSION = YES;
				CLANG_WARN_NON_LITERAL_NULL_CONVERSION = YES;
				CLANG_WARN_OBJC_LITERAL_CONVERSION = YES;
				CLANG_WARN_OBJC_ROOT_CLASS = YES_ERROR;
				CLANG_WARN_RANGE_LOOP_ANALYSIS = YES;
				CLANG_WARN_STRICT_PROTOTYPES = YES;
				CLANG_WARN_SUSPICIOUS_MOVE = YES;
				CLANG_WARN_UNGUARDED_AVAILABILITY = YES_AGGRESSIVE;
				CLANG_WARN_UNREACHABLE_CODE = YES;
				CLANG_WARN__DUPLICATE_METHOD_MATCH = YES;
				CODE_SIGN_IDENTITY = "iPhone Developer";
				COPY_PHASE_STRIP = NO;
				DEBUG_INFORMATION_FORMAT = dwarf;
				ENABLE_STRICT_OBJC_MSGSEND = YES;
				ENABLE_TESTABILITY = YES;
				GCC_C_LANGUAGE_STANDARD = gnu11;
				GCC_DYNAMIC_NO_PIC = NO;
				GCC_NO_COMMON_BLOCKS = YES;
				GCC_OPTIMIZATION_LEVEL = 0;
				GCC_PREPROCESSOR_DEFINITIONS = (
					"DEBUG=1",
					"$(inherited)",
				);
				GCC_WARN_64_TO_32_BIT_CONVERSION = YES;
				GCC_WARN_ABOUT_RETURN_TYPE = YES_ERROR;
				GCC_WARN_UNDECLARED_SELECTOR = YES;
				GCC_WARN_UNINITIALIZED_AUTOS = YES_AGGRESSIVE;
				GCC_WARN_UNUSED_FUNCTION = YES;
				GCC_WARN_UNUSED_VARIABLE = YES;
				IPHONEOS_DEPLOYMENT_TARGET = 11.2;
				MTL_ENABLE_DEBUG_INFO = YES;
				ONLY_ACTIVE_ARCH = YES;
				SDKROOT = iphoneos;
				SWIFT_ACTIVE_COMPILATION_CONDITIONS = DEBUG;
				SWIFT_OPTIMIZATION_LEVEL = "-Onone";
			};
			name = Debug;
		};
		F00976FF2040CE85002B49A4 /* Release */ = {
			isa = XCBuildConfiguration;
			buildSettings = {
				ALWAYS_SEARCH_USER_PATHS = NO;
				CLANG_ANALYZER_NONNULL = YES;
				CLANG_ANALYZER_NUMBER_OBJECT_CONVERSION = YES_AGGRESSIVE;
				CLANG_CXX_LANGUAGE_STANDARD = "gnu++14";
				CLANG_CXX_LIBRARY = "libc++";
				CLANG_ENABLE_MODULES = YES;
				CLANG_ENABLE_OBJC_ARC = YES;
				CLANG_WARN_BLOCK_CAPTURE_AUTORELEASING = YES;
				CLANG_WARN_BOOL_CONVERSION = YES;
				CLANG_WARN_COMMA = YES;
				CLANG_WARN_CONSTANT_CONVERSION = YES;
				CLANG_WARN_DIRECT_OBJC_ISA_USAGE = YES_ERROR;
				CLANG_WARN_DOCUMENTATION_COMMENTS = YES;
				CLANG_WARN_EMPTY_BODY = YES;
				CLANG_WARN_ENUM_CONVERSION = YES;
				CLANG_WARN_INFINITE_RECURSION = YES;
				CLANG_WARN_INT_CONVERSION = YES;
				CLANG_WARN_NON_LITERAL_NULL_CONVERSION = YES;
				CLANG_WARN_OBJC_LITERAL_CONVERSION = YES;
				CLANG_WARN_OBJC_ROOT_CLASS = YES_ERROR;
				CLANG_WARN_RANGE_LOOP_ANALYSIS = YES;
				CLANG_WARN_STRICT_PROTOTYPES = YES;
				CLANG_WARN_SUSPICIOUS_MOVE = YES;
				CLANG_WARN_UNGUARDED_AVAILABILITY = YES_AGGRESSIVE;
				CLANG_WARN_UNREACHABLE_CODE = YES;
				CLANG_WARN__DUPLICATE_METHOD_MATCH = YES;
				CODE_SIGN_IDENTITY = "iPhone Developer";
				COPY_PHASE_STRIP = NO;
				DEBUG_INFORMATION_FORMAT = "dwarf-with-dsym";
				ENABLE_NS_ASSERTIONS = NO;
				ENABLE_STRICT_OBJC_MSGSEND = YES;
				GCC_C_LANGUAGE_STANDARD = gnu11;
				GCC_NO_COMMON_BLOCKS = YES;
				GCC_WARN_64_TO_32_BIT_CONVERSION = YES;
				GCC_WARN_ABOUT_RETURN_TYPE = YES_ERROR;
				GCC_WARN_UNDECLARED_SELECTOR = YES;
				GCC_WARN_UNINITIALIZED_AUTOS = YES_AGGRESSIVE;
				GCC_WARN_UNUSED_FUNCTION = YES;
				GCC_WARN_UNUSED_VARIABLE = YES;
				IPHONEOS_DEPLOYMENT_TARGET = 11.2;
				MTL_ENABLE_DEBUG_INFO = NO;
				SDKROOT = iphoneos;
				SWIFT_OPTIMIZATION_LEVEL = "-Owholemodule";
				VALIDATE_PRODUCT = YES;
			};
			name = Release;
		};
		F00977012040CE85002B49A4 /* Debug */ = {
			isa = XCBuildConfiguration;
			buildSettings = {
				ASSETCATALOG_COMPILER_APPICON_NAME = AppIcon;
				CODE_SIGN_STYLE = Automatic;
				INFOPLIST_FILE = "Personality Quiz/Info.plist";
				LD_RUNPATH_SEARCH_PATHS = "$(inherited) @executable_path/Frameworks";
				PRODUCT_BUNDLE_IDENTIFIER = "com.example.Personality-Quiz";
				PRODUCT_NAME = "$(TARGET_NAME)";
				SWIFT_VERSION = 4.0;
				TARGETED_DEVICE_FAMILY = "1,2";
			};
			name = Debug;
		};
		F00977022040CE85002B49A4 /* Release */ = {
			isa = XCBuildConfiguration;
			buildSettings = {
				ASSETCATALOG_COMPILER_APPICON_NAME = AppIcon;
				CODE_SIGN_STYLE = Automatic;
				INFOPLIST_FILE = "Personality Quiz/Info.plist";
				LD_RUNPATH_SEARCH_PATHS = "$(inherited) @executable_path/Frameworks";
				PRODUCT_BUNDLE_IDENTIFIER = "com.example.Personality-Quiz";
				PRODUCT_NAME = "$(TARGET_NAME)";
				SWIFT_VERSION = 4.0;
				TARGETED_DEVICE_FAMILY = "1,2";
			};
			name = Release;
		};
		F00977042040CE85002B49A4 /* Debug */ = {
			isa = XCBuildConfiguration;
			buildSettings = {
				ALWAYS_EMBED_SWIFT_STANDARD_LIBRARIES = YES;
				BUNDLE_LOADER = "$(TEST_HOST)";
				CODE_SIGN_STYLE = Automatic;
				INFOPLIST_FILE = "Personality QuizTests/Info.plist";
				LD_RUNPATH_SEARCH_PATHS = "$(inherited) @executable_path/Frameworks @loader_path/Frameworks";
				PRODUCT_BUNDLE_IDENTIFIER = "com.example.Personality-QuizTests";
				PRODUCT_NAME = "$(TARGET_NAME)";
				SWIFT_VERSION = 4.0;
				TARGETED_DEVICE_FAMILY = "1,2";
				TEST_HOST = "$(BUILT_PRODUCTS_DIR)/Personality Quiz.app/Personality Quiz";
			};
			name = Debug;
		};
		F00977052040CE85002B49A4 /* Release */ = {
			isa = XCBuildConfiguration;
			buildSettings = {
				ALWAYS_EMBED_SWIFT_STANDARD_LIBRARIES = YES;
				BUNDLE_LOADER = "$(TEST_HOST)";
				CODE_SIGN_STYLE = Automatic;
				INFOPLIST_FILE = "Personality QuizTests/Info.plist";
				LD_RUNPATH_SEARCH_PATHS = "$(inherited) @executable_path/Frameworks @loader_path/Frameworks";
				PRODUCT_BUNDLE_IDENTIFIER = "com.example.Personality-QuizTests";
				PRODUCT_NAME = "$(TARGET_NAME)";
				SWIFT_VERSION = 4.0;
				TARGETED_DEVICE_FAMILY = "1,2";
				TEST_HOST = "$(BUILT_PRODUCTS_DIR)/Personality Quiz.app/Personality Quiz";
			};
			name = Release;
		};
		F00977072040CE85002B49A4 /* Debug */ = {
			isa = XCBuildConfiguration;
			buildSettings = {
				ALWAYS_EMBED_SWIFT_STANDARD_LIBRARIES = YES;
				CODE_SIGN_STYLE = Automatic;
				INFOPLIST_FILE = "Personality QuizUITests/Info.plist";
				LD_RUNPATH_SEARCH_PATHS = "$(inherited) @executable_path/Frameworks @loader_path/Frameworks";
				PRODUCT_BUNDLE_IDENTIFIER = "com.example.Personality-QuizUITests";
				PRODUCT_NAME = "$(TARGET_NAME)";
				SWIFT_VERSION = 4.0;
				TARGETED_DEVICE_FAMILY = "1,2";
				TEST_TARGET_NAME = "Personality Quiz";
			};
			name = Debug;
		};
		F00977082040CE85002B49A4 /* Release */ = {
			isa = XCBuildConfiguration;
			buildSettings = {
				ALWAYS_EMBED_SWIFT_STANDARD_LIBRARIES = YES;
				CODE_SIGN_STYLE = Automatic;
				INFOPLIST_FILE = "Personality QuizUITests/Info.plist";
				LD_RUNPATH_SEARCH_PATHS = "$(inherited) @executable_path/Frameworks @loader_path/Frameworks";
				PRODUCT_BUNDLE_IDENTIFIER = "com.example.Personality-QuizUITests";
				PRODUCT_NAME = "$(TARGET_NAME)";
				SWIFT_VERSION = 4.0;
				TARGETED_DEVICE_FAMILY = "1,2";
				TEST_TARGET_NAME = "Personality Quiz";
			};
			name = Release;
		};
/* End XCBuildConfiguration section */

/* Begin XCConfigurationList section */
		F00976D32040CE85002B49A4 /* Build configuration list for PBXProject "Personality Quiz" */ = {
			isa = XCConfigurationList;
			buildConfigurations = (
				F00976FE2040CE85002B49A4 /* Debug */,
				F00976FF2040CE85002B49A4 /* Release */,
			);
			defaultConfigurationIsVisible = 0;
			defaultConfigurationName = Release;
		};
		F00977002040CE85002B49A4 /* Build configuration list for PBXNativeTarget "Personality Quiz" */ = {
			isa = XCConfigurationList;
			buildConfigurations = (
				F00977012040CE85002B49A4 /* Debug */,
				F00977022040CE85002B49A4 /* Release */,
			);
			defaultConfigurationIsVisible = 0;
			defaultConfigurationName = Release;
		};
		F00977032040CE85002B49A4 /* Build configuration list for PBXNativeTarget "Personality QuizTests" */ = {
			isa = XCConfigurationList;
			buildConfigurations = (
				F00977042040CE85002B49A4 /* Debug */,
				F00977052040CE85002B49A4 /* Release */,
			);
			defaultConfigurationIsVisible = 0;
			defaultConfigurationName = Release;
		};
		F00977062040CE85002B49A4 /* Build configuration list for PBXNativeTarget "Personality QuizUITests" */ = {
			isa = XCConfigurationList;
			buildConfigurations = (
				F00977072040CE85002B49A4 /* Debug */,
				F00977082040CE85002B49A4 /* Release */,
			);
			defaultConfigurationIsVisible = 0;
			defaultConfigurationName = Release;
		};
/* End XCConfigurationList section */
	};
	rootObject = F00976D02040CE85002B49A4 /* Project object */;
}
